
Microsoft Visual Studio Solution File, Format Version 12.00
# Visual Studio Version 17
VisualStudioVersion = 17.7.34018.315
MinimumVisualStudioVersion = 10.0.40219.1
Project("{FAE04EC0-301F-11D3-BF4B-00C04F79EFBC}") = "task1", "task1\task1.csproj", "{7F075D99-E6A3-4CC2-ACBC-D88317C6D870}"
EndProject
Project("{FAE04EC0-301F-11D3-BF4B-00C04F79EFBC}") = "task2", "task2\task2.csproj", "{3D36D403-C9B5-466F-9A76-89E099222116}"
EndProject
Project("{FAE04EC0-301F-11D3-BF4B-00C04F79EFBC}") = "task3", "ConsoleApp1\task3.csproj", "{BD509F08-4177-4ABE-89FE-C845DC506FC2}"
EndProject
Project("{FAE04EC0-301F-11D3-BF4B-00C04F79EFBC}") = "task4", "task4\task4.csproj", "{37BDAE4D-7E03-4871-8165-D751C42FD65B}"
EndProject
Project("{FAE04EC0-301F-11D3-BF4B-00C04F79EFBC}") = "task5", "task5\task5.csproj", "{6BFF78E2-E014-4436-814D-32F5571A7E45}"
EndProject
Global
	GlobalSection(SolutionConfigurationPlatforms) = preSolution
		Debug|Any CPU = Debug|Any CPU
		Release|Any CPU = Release|Any CPU
	EndGlobalSection
	GlobalSection(ProjectConfigurationPlatforms) = postSolution
		{7F075D99-E6A3-4CC2-ACBC-D88317C6D870}.Debug|Any CPU.ActiveCfg = Debug|Any CPU
		{7F075D99-E6A3-4CC2-ACBC-D88317C6D870}.Debug|Any CPU.Build.0 = Debug|Any CPU
		{7F075D99-E6A3-4CC2-ACBC-D88317C6D870}.Release|Any CPU.ActiveCfg = Release|Any CPU
		{7F075D99-E6A3-4CC2-ACBC-D88317C6D870}.Release|Any CPU.Build.0 = Release|Any CPU
		{3D36D403-C9B5-466F-9A76-89E099222116}.Debug|Any CPU.ActiveCfg = Debug|Any CPU
		{3D36D403-C9B5-466F-9A76-89E099222116}.Debug|Any CPU.Build.0 = Debug|Any CPU
		{3D36D403-C9B5-466F-9A76-89E099222116}.Release|Any CPU.ActiveCfg = Release|Any CPU
		{3D36D403-C9B5-466F-9A76-89E099222116}.Release|Any CPU.Build.0 = Release|Any CPU
		{BD509F08-4177-4ABE-89FE-C845DC506FC2}.Debug|Any CPU.ActiveCfg = Debug|Any CPU
		{BD509F08-4177-4ABE-89FE-C845DC506FC2}.Debug|Any CPU.Build.0 = Debug|Any CPU
		{BD509F08-4177-4ABE-89FE-C845DC506FC2}.Release|Any CPU.ActiveCfg = Release|Any CPU
		{BD509F08-4177-4ABE-89FE-C845DC506FC2}.Release|Any CPU.Build.0 = Release|Any CPU
		{37BDAE4D-7E03-4871-8165-D751C42FD65B}.Debug|Any CPU.ActiveCfg = Debug|Any CPU
		{37BDAE4D-7E03-4871-8165-D751C42FD65B}.Debug|Any CPU.Build.0 = Debug|Any CPU
		{37BDAE4D-7E03-4871-8165-D751C42FD65B}.Release|Any CPU.ActiveCfg = Release|Any CPU
		{37BDAE4D-7E03-4871-8165-D751C42FD65B}.Release|Any CPU.Build.0 = Release|Any CPU
		{6BFF78E2-E014-4436-814D-32F5571A7E45}.Debug|Any CPU.ActiveCfg = Debug|Any CPU
		{6BFF78E2-E014-4436-814D-32F5571A7E45}.Debug|Any CPU.Build.0 = Debug|Any CPU
		{6BFF78E2-E014-4436-814D-32F5571A7E45}.Release|Any CPU.ActiveCfg = Release|Any CPU
		{6BFF78E2-E014-4436-814D-32F5571A7E45}.Release|Any CPU.Build.0 = Release|Any CPU
	EndGlobalSection
	GlobalSection(SolutionProperties) = preSolution
		HideSolutionNode = FALSE
	EndGlobalSection
	GlobalSection(ExtensibilityGlobals) = postSolution
		SolutionGuid = {8A7FFFBB-BEFB-4048-A695-F79DFEB6B5F2}
	EndGlobalSection
EndGlobal
